schema: '2.0'
stages:
  data_ingestion:
    cmd:
    - python3 -m src.components.data_ingestion
    deps:
    - path: src/components/data_ingestion.py
      hash: md5
      md5: e661eb60efc41d22ee85cf86a06abf14
      size: 2670
    - path: src/entity/input_entity/data_ingestion_entity.py
      hash: md5
      md5: 5ae976389d6f1028b0326e12d4fa4117
      size: 833
    params:
      params.yaml:
        data_ingestion.random_state: 42
        data_ingestion.test_size: 0.2
    outs:
    - path: Artifacts/data_ingestion/feature_store/raw.csv
      hash: md5
      md5: b73bead121d2dbfd7823b1d426695256
      size: 6888931
    - path: Artifacts/data_ingestion/ingested/test.csv
      hash: md5
      md5: de980789d5ab05902aeff475cef9ec87
      size: 1372600
    - path: Artifacts/data_ingestion/ingested/train.csv
      hash: md5
      md5: eaac2a273c537030aec90c1f8834e014
      size: 5516354
  data_transformation:
    cmd:
    - python3 -m src.components.data_transformation
    deps:
    - path: src/components/data_transformation.py
      hash: md5
      md5: e9140ab84b4f1b50073d58b528fecf9f
      size: 4488
    - path: src/entity/input_entity/data_transformation_entity.py
      hash: md5
      md5: d597e0fbf8c9eba454684f47e704fea4
      size: 845
    outs:
    - path: Artifacts/data_transformation/test.npy
      hash: md5
      md5: 84ba56661d81a81bfb0edf7fc4e28b1e
      size: 2588304288
    - path: Artifacts/data_transformation/train.npy
      hash: md5
      md5: 8781fdbb8998a1bc242dc2e1f26f2a24
      size: 10307721968
    - path: Artifacts/data_transformation/transformation_object.pkl
      hash: md5
      md5: 51f1c7113a081a79d5185a23ab410fae
      size: 938030
